speakeasyVersion: 1.751.0
sources:
    my-source:
        sourceNamespace: my-source
        sourceRevisionDigest: sha256:92a2a2049bfbf67bea601a6b1b77d274e83a2d3b6968a0bc02dc290b21c7689d
        sourceBlobDigest: sha256:f7e2709f52370dff16c1851a7a4e44a89f2e978e9cae335bffc10625950b3bd9
        tags:
            - latest
            - main
    plexapi:
        sourceNamespace: plexapi
        sourceRevisionDigest: sha256:08eb38174a42e2d72701cbdf91557ecc4b1916413cd5fb78a3c379370f22b0f4
        sourceBlobDigest: sha256:eb7e5b5909cbb6c750735ee49bff214c53f53273599c38ec5a587f4a395e2e0d
        tags:
            - latest
            - 1.1.1
targets:
    plexgo:
        source: plexapi
        sourceNamespace: plexapi
        sourceRevisionDigest: sha256:08eb38174a42e2d72701cbdf91557ecc4b1916413cd5fb78a3c379370f22b0f4
        sourceBlobDigest: sha256:eb7e5b5909cbb6c750735ee49bff214c53f53273599c38ec5a587f4a395e2e0d
        codeSamplesNamespace: code-samples-go-plexgo
        codeSamplesRevisionDigest: sha256:e9c4d30d6e9c8b540a3af8978a6713c3487f795e2fecebc869063ee2610d960e
workflow:
    workflowVersion: 1.0.0
    speakeasyVersion: latest
    sources:
        plexapi:
            inputs:
                - location: https://raw.githubusercontent.com/LukeHagar/plex-api-spec/refs/heads/main/plex-api-spec.yaml
            registry:
                location: registry.speakeasyapi.dev/plexapi/plexapi/plexapi
    targets:
        plexgo:
            target: go
            source: plexapi
            codeSamples:
                output: codeSamples.yaml
                registry:
                    location: registry.speakeasyapi.dev/plexapi/plexapi/code-samples-go-plexgo
                labelOverride:
                    fixedValue: PlexGO
