speakeasyVersion: 1.761.0
sources:
    my-source:
        sourceNamespace: my-source
        sourceRevisionDigest: sha256:92a2a2049bfbf67bea601a6b1b77d274e83a2d3b6968a0bc02dc290b21c7689d
        sourceBlobDigest: sha256:f7e2709f52370dff16c1851a7a4e44a89f2e978e9cae335bffc10625950b3bd9
        tags:
            - latest
            - main
    plexapi:
        sourceNamespace: plexapi
        sourceRevisionDigest: sha256:0a1be7f9cd444df8a5b772b92512aa93f748c65c04df19bb3d60bffafd243fcc
        sourceBlobDigest: sha256:1491007c351d9a3280044b7e45c58648a1cf4259fa1475d01d9e0f93f0aa0fdd
        tags:
            - latest
            - 1.1.1
targets:
    plexgo:
        source: plexapi
        sourceNamespace: plexapi
        sourceRevisionDigest: sha256:0a1be7f9cd444df8a5b772b92512aa93f748c65c04df19bb3d60bffafd243fcc
        sourceBlobDigest: sha256:1491007c351d9a3280044b7e45c58648a1cf4259fa1475d01d9e0f93f0aa0fdd
        codeSamplesNamespace: code-samples-go-plexgo
        codeSamplesRevisionDigest: sha256:cfafbf8cd92c3d55184fd85cd8d01624294ffaed6bce1ab9d7f23724827965ab
workflow:
    workflowVersion: 1.0.0
    speakeasyVersion: latest
    sources:
        plexapi:
            inputs:
                - location: https://raw.githubusercontent.com/LukeHagar/plex-api-spec/refs/heads/main/plex-api-spec.yaml
            registry:
                location: registry.speakeasyapi.dev/plexapi/plexapi/plexapi
    targets:
        plexgo:
            target: go
            source: plexapi
            codeSamples:
                output: codeSamples.yaml
                registry:
                    location: registry.speakeasyapi.dev/plexapi/plexapi/code-samples-go-plexgo
                labelOverride:
                    fixedValue: PlexGO
