speakeasyVersion: 1.793.1
sources:
    my-source:
        sourceNamespace: my-source
        sourceRevisionDigest: sha256:92a2a2049bfbf67bea601a6b1b77d274e83a2d3b6968a0bc02dc290b21c7689d
        sourceBlobDigest: sha256:f7e2709f52370dff16c1851a7a4e44a89f2e978e9cae335bffc10625950b3bd9
        tags:
            - latest
            - main
    plexapi:
        sourceNamespace: plexapi
        sourceRevisionDigest: sha256:4ddc9dd85266fb4792cf3081e55113d43e89cd6600b25e999680e40b3e344d75
        sourceBlobDigest: sha256:c2ef66d8e65384dd99936b743c50aee2cefe248b4ba5cdf7730b3ab583b4caf4
        tags:
            - latest
            - 1.1.1
targets:
    plexgo:
        source: plexapi
        sourceNamespace: plexapi
        sourceRevisionDigest: sha256:4ddc9dd85266fb4792cf3081e55113d43e89cd6600b25e999680e40b3e344d75
        sourceBlobDigest: sha256:c2ef66d8e65384dd99936b743c50aee2cefe248b4ba5cdf7730b3ab583b4caf4
        codeSamplesNamespace: code-samples-go-plexgo
        codeSamplesRevisionDigest: sha256:0cf52c35caba0aaf566026686386637ce16525b5bcc3920566cf55d2490fcce7
workflow:
    workflowVersion: 1.0.0
    speakeasyVersion: latest
    sources:
        plexapi:
            inputs:
                - location: https://raw.githubusercontent.com/LukeHagar/plex-api-spec/refs/heads/main/plex-api-spec.yaml
            registry:
                location: registry.speakeasyapi.dev/plexapi/plexapi/plexapi
    targets:
        plexgo:
            target: go
            source: plexapi
            codeSamples:
                output: codeSamples.yaml
                registry:
                    location: registry.speakeasyapi.dev/plexapi/plexapi/code-samples-go-plexgo
                labelOverride:
                    fixedValue: PlexGO
